
Microsoft Visual Studio Solution File, Format Version 12.00
# Visual Studio 15
VisualStudioVersion = 15.0.28307.438
MinimumVisualStudioVersion = 10.0.40219.1
Project("{FAE04EC0-301F-11D3-BF4B-00C04F79EFBC}") = "NRI", "NRI\NRI.csproj", "{2B369418-304A-4359-AEC3-3982BD492DFE}"
EndProject
Global
	GlobalSection(SolutionConfigurationPlatforms) = preSolution
		Debug|Any CPU = Debug|Any CPU
		Release|Any CPU = Release|Any CPU
	EndGlobalSection
	GlobalSection(ProjectConfigurationPlatforms) = postSolution
		{2B369418-304A-4359-AEC3-3982BD492DFE}.Debug|Any CPU.ActiveCfg = Debug|Any CPU
		{2B369418-304A-4359-AEC3-3982BD492DFE}.Debug|Any CPU.Build.0 = Debug|Any CPU
		{2B369418-304A-4359-AEC3-3982BD492DFE}.Release|Any CPU.ActiveCfg = Release|Any CPU
		{2B369418-304A-4359-AEC3-3982BD492DFE}.Release|Any CPU.Build.0 = Release|Any CPU
	EndGlobalSection
	GlobalSection(SolutionProperties) = preSolution
		HideSolutionNode = FALSE
	EndGlobalSection
	GlobalSection(ExtensibilityGlobals) = postSolution
		SolutionGuid = {A0A37B3B-B812-4CD3-BB7E-A8C1F7C07F37}
	EndGlobalSection
EndGlobal
